// !$*UTF8*$!
{
	archiveVersion = 1;
	classes = {
	};
	objectVersion = 48;
	objects = {

/* Begin PBXBuildFile section */
		806F504520D74844008F9D87 /* AppDelegate.swift in Sources */ = {isa = PBXBuildFile; fileRef = 806F504420D74844008F9D87 /* AppDelegate.swift */; };
		806F504720D74844008F9D87 /* ViewController.swift in Sources */ = {isa = PBXBuildFile; fileRef = 806F504620D74844008F9D87 /* ViewController.swift */; };
		806F504A20D74844008F9D87 /* Main.storyboard in Resources */ = {isa = PBXBuildFile; fileRef = 806F504820D74844008F9D87 /* Main.storyboard */; };
		806F504C20D74844008F9D87 /* Assets.xcassets in Resources */ = {isa = PBXBuildFile; fileRef = 806F504B20D74844008F9D87 /* Assets.xcassets */; };
		806F504F20D74844008F9D87 /* LaunchScreen.storyboard in Resources */ = {isa = PBXBuildFile; fileRef = 806F504D20D74844008F9D87 /* LaunchScreen.storyboard */; };
		806F505A20D74844008F9D87 /* Silde_MenuTests.swift in Sources */ = {isa = PBXBuildFile; fileRef = 806F505920D74844008F9D87 /* Silde_MenuTests.swift */; };
/* End PBXBuildFile section */

/* Begin PBXContainerItemProxy section */
		806F505620D74844008F9D87 /* PBXContainerItemProxy */ = {
			isa = PBXContainerItemProxy;
			containerPortal = 806F503920D74843008F9D87 /* Project object */;
			proxyType = 1;
			remoteGlobalIDString = 806F504020D74844008F9D87;
			remoteInfo = "Silde Menu";
		};
/* End PBXContainerItemProxy section */

/* Begin PBXFileReference section */
		806F504120D74844008F9D87 /* Silde Menu.app */ = {isa = PBXFileReference; explicitFileType = wrapper.application; includeInIndex = 0; path = "Silde Menu.app"; sourceTree = BUILT_PRODUCTS_DIR; };
		806F504420D74844008F9D87 /* AppDelegate.swift */ = {isa = PBXFileReference; lastKnownFileType = sourcecode.swift; path = AppDelegate.swift; sourceTree = "<group>"; };
		806F504620D74844008F9D87 /* ViewController.swift */ = {isa = PBXFileReference; lastKnownFileType = sourcecode.swift; path = ViewController.swift; sourceTree = "<group>"; };
		806F504920D74844008F9D87 /* Base */ = {isa = PBXFileReference; lastKnownFileType = file.storyboard; name = Base; path = Base.lproj/Main.storyboard; sourceTree = "<group>"; };
		806F504B20D74844008F9D87 /* Assets.xcassets */ = {isa = PBXFileReference; lastKnownFileType = folder.assetcatalog; path = Assets.xcassets; sourceTree = "<group>"; };
		806F504E20D74844008F9D87 /* Base */ = {isa = PBXFileReference; lastKnownFileType = file.storyboard; name = Base; path = Base.lproj/LaunchScreen.storyboard; sourceTree = "<group>"; };
		806F505020D74844008F9D87 /* Info.plist */ = {isa = PBXFileReference; lastKnownFileType = text.plist.xml; path = Info.plist; sourceTree = "<group>"; };
		806F505520D74844008F9D87 /* Silde MenuTests.xctest */ = {isa = PBXFileReference; explicitFileType = wrapper.cfbundle; includeInIndex = 0; path = "Silde MenuTests.xctest"; sourceTree = BUILT_PRODUCTS_DIR; };
		806F505920D74844008F9D87 /* Silde_MenuTests.swift */ = {isa = PBXFileReference; lastKnownFileType = sourcecode.swift; path = Silde_MenuTests.swift; sourceTree = "<group>"; };
		806F505B20D74844008F9D87 /* Info.plist */ = {isa = PBXFileReference; lastKnownFileType = text.plist.xml; path = Info.plist; sourceTree = "<group>"; };
/* End PBXFileReference section */

/* Begin PBXFrameworksBuildPhase section */
		806F503E20D74844008F9D87 /* Frameworks */ = {
			isa = PBXFrameworksBuildPhase;
			buildActionMask = 2147483647;
			files = (
			);
			runOnlyForDeploymentPostprocessing = 0;
		};
		806F505220D74844008F9D87 /* Frameworks */ = {
			isa = PBXFrameworksBuildPhase;
			buildActionMask = 2147483647;
			files = (
			);
			runOnlyForDeploymentPostprocessing = 0;
		};
/* End PBXFrameworksBuildPhase section */

/* Begin PBXGroup section */
		806F503820D74843008F9D87 = {
			isa = PBXGroup;
			children = (
				806F504320D74844008F9D87 /* Silde Menu */,
				806F505820D74844008F9D87 /* Silde MenuTests */,
				806F504220D74844008F9D87 /* Products */,
			);
			sourceTree = "<group>";
		};
		806F504220D74844008F9D87 /* Products */ = {
			isa = PBXGroup;
			children = (
				806F504120D74844008F9D87 /* Silde Menu.app */,
				806F505520D74844008F9D87 /* Silde MenuTests.xctest */,
			);
			name = Products;
			sourceTree = "<group>";
		};
		806F504320D74844008F9D87 /* Silde Menu */ = {
			isa = PBXGroup;
			children = (
				806F504420D74844008F9D87 /* AppDelegate.swift */,
				806F504620D74844008F9D87 /* ViewController.swift */,
				806F504820D74844008F9D87 /* Main.storyboard */,
				806F504B20D74844008F9D87 /* Assets.xcassets */,
				806F504D20D74844008F9D87 /* LaunchScreen.storyboard */,
				806F505020D74844008F9D87 /* Info.plist */,
			);
			path = "Silde Menu";
			sourceTree = "<group>";
		};
		806F505820D74844008F9D87 /* Silde MenuTests */ = {
			isa = PBXGroup;
			children = (
				806F505920D74844008F9D87 /* Silde_MenuTests.swift */,
				806F505B20D74844008F9D87 /* Info.plist */,
			);
			path = "Silde MenuTests";
			sourceTree = "<group>";
		};
/* End PBXGroup section */

/* Begin PBXNativeTarget section */
		806F504020D74844008F9D87 /* Silde Menu */ = {
			isa = PBXNativeTarget;
			buildConfigurationList = 806F505E20D74844008F9D87 /* Build configuration list for PBXNativeTarget "Silde Menu" */;
			buildPhases = (
				806F503D20D74844008F9D87 /* Sources */,
				806F503E20D74844008F9D87 /* Frameworks */,
				806F503F20D74844008F9D87 /* Resources */,
			);
			buildRules = (
			);
			dependencies = (
			);
			name = "Silde Menu";
			productName = "Silde Menu";
			productReference = 806F504120D74844008F9D87 /* Silde Menu.app */;
			productType = "com.apple.product-type.application";
		};
		806F505420D74844008F9D87 /* Silde MenuTests */ = {
			isa = PBXNativeTarget;
			buildConfigurationList = 806F506120D74844008F9D87 /* Build configuration list for PBXNativeTarget "Silde MenuTests" */;
			buildPhases = (
				806F505120D74844008F9D87 /* Sources */,
				806F505220D74844008F9D87 /* Frameworks */,
				806F505320D74844008F9D87 /* Resources */,
			);
			buildRules = (
			);
			dependencies = (
				806F505720D74844008F9D87 /* PBXTargetDependency */,
			);
			name = "Silde MenuTests";
			productName = "Silde MenuTests";
			productReference = 806F505520D74844008F9D87 /* Silde MenuTests.xctest */;
			productType = "com.apple.product-type.bundle.unit-test";
		};
/* End PBXNativeTarget section */

/* Begin PBXProject section */
		806F503920D74843008F9D87 /* Project object */ = {
			isa = PBXProject;
			attributes = {
				LastSwiftUpdateCheck = 0920;
				LastUpgradeCheck = 0920;
				ORGANIZATIONNAME = "hiền hihi";
				TargetAttributes = {
					806F504020D74844008F9D87 = {
						CreatedOnToolsVersion = 9.2;
						ProvisioningStyle = Automatic;
					};
					806F505420D74844008F9D87 = {
						CreatedOnToolsVersion = 9.2;
						ProvisioningStyle = Automatic;
						TestTargetID = 806F504020D74844008F9D87;
					};
				};
			};
			buildConfigurationList = 806F503C20D74843008F9D87 /* Build configuration list for PBXProject "Silde Menu" */;
			compatibilityVersion = "Xcode 8.0";
			developmentRegion = en;
			hasScannedForEncodings = 0;
			knownRegions = (
				en,
				Base,
			);
			mainGroup = 806F503820D74843008F9D87;
			productRefGroup = 806F504220D74844008F9D87 /* Products */;
			projectDirPath = "";
			projectRoot = "";
			targets = (
				806F504020D74844008F9D87 /* Silde Menu */,
				806F505420D74844008F9D87 /* Silde MenuTests */,
			);
		};
/* End PBXProject section */

/* Begin PBXResourcesBuildPhase section */
		806F503F20D74844008F9D87 /* Resources */ = {
			isa = PBXResourcesBuildPhase;
			buildActionMask = 2147483647;
			files = (
				806F504F20D74844008F9D87 /* LaunchScreen.storyboard in Resources */,
				806F504C20D74844008F9D87 /* Assets.xcassets in Resources */,
				806F504A20D74844008F9D87 /* Main.storyboard in Resources */,
			);
			runOnlyForDeploymentPostprocessing = 0;
		};
		806F505320D74844008F9D87 /* Resources */ = {
			isa = PBXResourcesBuildPhase;
			buildActionMask = 2147483647;
			files = (
			);
			runOnlyForDeploymentPostprocessing = 0;
		};
/* End PBXResourcesBuildPhase section */

/* Begin PBXSourcesBuildPhase section */
		806F503D20D74844008F9D87 /* Sources */ = {
			isa = PBXSourcesBuildPhase;
			buildActionMask = 2147483647;
			files = (
				806F504720D74844008F9D87 /* ViewController.swift in Sources */,
				806F504520D74844008F9D87 /* AppDelegate.swift in Sources */,
			);
			runOnlyForDeploymentPostprocessing = 0;
		};
		806F505120D74844008F9D87 /* Sources */ = {
			isa = PBXSourcesBuildPhase;
			buildActionMask = 2147483647;
			files = (
				806F505A20D74844008F9D87 /* Silde_MenuTests.swift in Sources */,
			);
			runOnlyForDeploymentPostprocessing = 0;
		};
/* End PBXSourcesBuildPhase section */

/* Begin PBXTargetDependency section */
		806F505720D74844008F9D87 /* PBXTargetDependency */ = {
			isa = PBXTargetDependency;
			target = 806F504020D74844008F9D87 /* Silde Menu */;
			targetProxy = 806F505620D74844008F9D87 /* PBXContainerItemProxy */;
		};
/* End PBXTargetDependency section */

/* Begin PBXVariantGroup section */
		806F504820D74844008F9D87 /* Main.storyboard */ = {
			isa = PBXVariantGroup;
			children = (
				806F504920D74844008F9D87 /* Base */,
			);
			name = Main.storyboard;
			sourceTree = "<group>";
		};
		806F504D20D74844008F9D87 /* LaunchScreen.storyboard */ = {
			isa = PBXVariantGroup;
			children = (
				806F504E20D74844008F9D87 /* Base */,
			);
			name = LaunchScreen.storyboard;
			sourceTree = "<group>";
		};
/* End PBXVariantGroup section */

/* Begin XCBuildConfiguration section */
		806F505C20D74844008F9D87 /* Debug */ = {
			isa = XCBuildConfiguration;
			buildSettings = {
				ALWAYS_SEARCH_USER_PATHS = NO;
				CLANG_ANALYZER_NONNULL = YES;
				CLANG_ANALYZER_NUMBER_OBJECT_CONVERSION = YES_AGGRESSIVE;
				CLANG_CXX_LANGUAGE_STANDARD = "gnu++14";
				CLANG_CXX_LIBRARY = "libc++";
				CLANG_ENABLE_MODULES = YES;
				CLANG_ENABLE_OBJC_ARC = YES;
				CLANG_WARN_BLOCK_CAPTURE_AUTORELEASING = YES;
				CLANG_WARN_BOOL_CONVERSION = YES;
				CLANG_WARN_COMMA = YES;
				CLANG_WARN_CONSTANT_CONVERSION = YES;
				CLANG_WARN_DIRECT_OBJC_ISA_USAGE = YES_ERROR;
				CLANG_WARN_DOCUMENTATION_COMMENTS = YES;
				CLANG_WARN_EMPTY_BODY = YES;
				CLANG_WARN_ENUM_CONVERSION = YES;
				CLANG_WARN_INFINITE_RECURSION = YES;
				CLANG_WARN_INT_CONVERSION = YES;
				CLANG_WARN_NON_LITERAL_NULL_CONVERSION = YES;
				CLANG_WARN_OBJC_LITERAL_CONVERSION = YES;
				CLANG_WARN_OBJC_ROOT_CLASS = YES_ERROR;
				CLANG_WARN_RANGE_LOOP_ANALYSIS = YES;
				CLANG_WARN_STRICT_PROTOTYPES = YES;
				CLANG_WARN_SUSPICIOUS_MOVE = YES;
				CLANG_WARN_UNGUARDED_AVAILABILITY = YES_AGGRESSIVE;
				CLANG_WARN_UNREACHABLE_CODE = YES;
				CLANG_WARN__DUPLICATE_METHOD_MATCH = YES;
				CODE_SIGN_IDENTITY = "iPhone Developer";
				COPY_PHASE_STRIP = NO;
				DEBUG_INFORMATION_FORMAT = dwarf;
				ENABLE_STRICT_OBJC_MSGSEND = YES;
				ENABLE_TESTABILITY = YES;
				GCC_C_LANGUAGE_STANDARD = gnu11;
				GCC_DYNAMIC_NO_PIC = NO;
				GCC_NO_COMMON_BLOCKS = YES;
				GCC_OPTIMIZATION_LEVEL = 0;
				GCC_PREPROCESSOR_DEFINITIONS = (
					"DEBUG=1",
					"$(inherited)",
				);
				GCC_WARN_64_TO_32_BIT_CONVERSION = YES;
				GCC_WARN_ABOUT_RETURN_TYPE = YES_ERROR;
				GCC_WARN_UNDECLARED_SELECTOR = YES;
				GCC_WARN_UNINITIALIZED_AUTOS = YES_AGGRESSIVE;
				GCC_WARN_UNUSED_FUNCTION = YES;
				GCC_WARN_UNUSED_VARIABLE = YES;
				IPHONEOS_DEPLOYMENT_TARGET = 11.2;
				MTL_ENABLE_DEBUG_INFO = YES;
				ONLY_ACTIVE_ARCH = YES;
				SDKROOT = iphoneos;
				SWIFT_ACTIVE_COMPILATION_CONDITIONS = DEBUG;
				SWIFT_OPTIMIZATION_LEVEL = "-Onone";
			};
			name = Debug;
		};
		806F505D20D74844008F9D87 /* Release */ = {
			isa = XCBuildConfiguration;
			buildSettings = {
				ALWAYS_SEARCH_USER_PATHS = NO;
				CLANG_ANALYZER_NONNULL = YES;
				CLANG_ANALYZER_NUMBER_OBJECT_CONVERSION = YES_AGGRESSIVE;
				CLANG_CXX_LANGUAGE_STANDARD = "gnu++14";
				CLANG_CXX_LIBRARY = "libc++";
				CLANG_ENABLE_MODULES = YES;
				CLANG_ENABLE_OBJC_ARC = YES;
				CLANG_WARN_BLOCK_CAPTURE_AUTORELEASING = YES;
				CLANG_WARN_BOOL_CONVERSION = YES;
				CLANG_WARN_COMMA = YES;
				CLANG_WARN_CONSTANT_CONVERSION = YES;
				CLANG_WARN_DIRECT_OBJC_ISA_USAGE = YES_ERROR;
				CLANG_WARN_DOCUMENTATION_COMMENTS = YES;
				CLANG_WARN_EMPTY_BODY = YES;
				CLANG_WARN_ENUM_CONVERSION = YES;
				CLANG_WARN_INFINITE_RECURSION = YES;
				CLANG_WARN_INT_CONVERSION = YES;
				CLANG_WARN_NON_LITERAL_NULL_CONVERSION = YES;
				CLANG_WARN_OBJC_LITERAL_CONVERSION = YES;
				CLANG_WARN_OBJC_ROOT_CLASS = YES_ERROR;
				CLANG_WARN_RANGE_LOOP_ANALYSIS = YES;
				CLANG_WARN_STRICT_PROTOTYPES = YES;
				CLANG_WARN_SUSPICIOUS_MOVE = YES;
				CLANG_WARN_UNGUARDED_AVAILABILITY = YES_AGGRESSIVE;
				CLANG_WARN_UNREACHABLE_CODE = YES;
				CLANG_WARN__DUPLICATE_METHOD_MATCH = YES;
				CODE_SIGN_IDENTITY = "iPhone Developer";
				COPY_PHASE_STRIP = NO;
				DEBUG_INFORMATION_FORMAT = "dwarf-with-dsym";
				ENABLE_NS_ASSERTIONS = NO;
				ENABLE_STRICT_OBJC_MSGSEND = YES;
				GCC_C_LANGUAGE_STANDARD = gnu11;
				GCC_NO_COMMON_BLOCKS = YES;
				GCC_WARN_64_TO_32_BIT_CONVERSION = YES;
				GCC_WARN_ABOUT_RETURN_TYPE = YES_ERROR;
				GCC_WARN_UNDECLARED_SELECTOR = YES;
				GCC_WARN_UNINITIALIZED_AUTOS = YES_AGGRESSIVE;
				GCC_WARN_UNUSED_FUNCTION = YES;
				GCC_WARN_UNUSED_VARIABLE = YES;
				IPHONEOS_DEPLOYMENT_TARGET = 11.2;
				MTL_ENABLE_DEBUG_INFO = NO;
				SDKROOT = iphoneos;
				SWIFT_OPTIMIZATION_LEVEL = "-Owholemodule";
				VALIDATE_PRODUCT = YES;
			};
			name = Release;
		};
		806F505F20D74844008F9D87 /* Debug */ = {
			isa = XCBuildConfiguration;
			buildSettings = {
				ASSETCATALOG_COMPILER_APPICON_NAME = AppIcon;
				CODE_SIGN_STYLE = Automatic;
				INFOPLIST_FILE = "Silde Menu/Info.plist";
				LD_RUNPATH_SEARCH_PATHS = "$(inherited) @executable_path/Frameworks";
				PRODUCT_BUNDLE_IDENTIFIER = "DoHien.Silde-Menu";
				PRODUCT_NAME = "$(TARGET_NAME)";
				SWIFT_VERSION = 4.0;
				TARGETED_DEVICE_FAMILY = "1,2";
			};
			name = Debug;
		};
		806F506020D74844008F9D87 /* Release */ = {
			isa = XCBuildConfiguration;
			buildSettings = {
				ASSETCATALOG_COMPILER_APPICON_NAME = AppIcon;
				CODE_SIGN_STYLE = Automatic;
				INFOPLIST_FILE = "Silde Menu/Info.plist";
				LD_RUNPATH_SEARCH_PATHS = "$(inherited) @executable_path/Frameworks";
				PRODUCT_BUNDLE_IDENTIFIER = "DoHien.Silde-Menu";
				PRODUCT_NAME = "$(TARGET_NAME)";
				SWIFT_VERSION = 4.0;
				TARGETED_DEVICE_FAMILY = "1,2";
			};
			name = Release;
		};
		806F506220D74844008F9D87 /* Debug */ = {
			isa = XCBuildConfiguration;
			buildSettings = {
				ALWAYS_EMBED_SWIFT_STANDARD_LIBRARIES = YES;
				BUNDLE_LOADER = "$(TEST_HOST)";
				CODE_SIGN_STYLE = Automatic;
				INFOPLIST_FILE = "Silde MenuTests/Info.plist";
				LD_RUNPATH_SEARCH_PATHS = "$(inherited) @executable_path/Frameworks @loader_path/Frameworks";
				PRODUCT_BUNDLE_IDENTIFIER = "DoHien.Silde-MenuTests";
				PRODUCT_NAME = "$(TARGET_NAME)";
				SWIFT_VERSION = 4.0;
				TARGETED_DEVICE_FAMILY = "1,2";
				TEST_HOST = "$(BUILT_PRODUCTS_DIR)/Silde Menu.app/Silde Menu";
			};
			name = Debug;
		};
		806F506320D74844008F9D87 /* Release */ = {
			isa = XCBuildConfiguration;
			buildSettings = {
				ALWAYS_EMBED_SWIFT_STANDARD_LIBRARIES = YES;
				BUNDLE_LOADER = "$(TEST_HOST)";
				CODE_SIGN_STYLE = Automatic;
				INFOPLIST_FILE = "Silde MenuTests/Info.plist";
				LD_RUNPATH_SEARCH_PATHS = "$(inherited) @executable_path/Frameworks @loader_path/Frameworks";
				PRODUCT_BUNDLE_IDENTIFIER = "DoHien.Silde-MenuTests";
				PRODUCT_NAME = "$(TARGET_NAME)";
				SWIFT_VERSION = 4.0;
				TARGETED_DEVICE_FAMILY = "1,2";
				TEST_HOST = "$(BUILT_PRODUCTS_DIR)/Silde Menu.app/Silde Menu";
			};
			name = Release;
		};
/* End XCBuildConfiguration section */

/* Begin XCConfigurationList section */
		806F503C20D74843008F9D87 /* Build configuration list for PBXProject "Silde Menu" */ = {
			isa = XCConfigurationList;
			buildConfigurations = (
				806F505C20D74844008F9D87 /* Debug */,
				806F505D20D74844008F9D87 /* Release */,
			);
			defaultConfigurationIsVisible = 0;
			defaultConfigurationName = Release;
		};
		806F505E20D74844008F9D87 /* Build configuration list for PBXNativeTarget "Silde Menu" */ = {
			isa = XCConfigurationList;
			buildConfigurations = (
				806F505F20D74844008F9D87 /* Debug */,
				806F506020D74844008F9D87 /* Release */,
			);
			defaultConfigurationIsVisible = 0;
			defaultConfigurationName = Release;
		};
		806F506120D74844008F9D87 /* Build configuration list for PBXNativeTarget "Silde MenuTests" */ = {
			isa = XCConfigurationList;
			buildConfigurations = (
				806F506220D74844008F9D87 /* Debug */,
				806F506320D74844008F9D87 /* Release */,
			);
			defaultConfigurationIsVisible = 0;
			defaultConfigurationName = Release;
		};
/* End XCConfigurationList section */
	};
	rootObject = 806F503920D74843008F9D87 /* Project object */;
}
